// !$*UTF8*$!
{
	archiveVersion = 1;
	classes = {
	};
	objectVersion = 56;
	objects = {

/* Begin PBXBuildFile section */
		8E7173BD2AA1F8D300223341 /* Defaults in Frameworks */ = {isa = PBXBuildFile; productRef = 8E7173BC2AA1F8D300223341 /* Defaults */; };
		8E7173C02AA1F8F300223341 /* Defaults in Frameworks */ = {isa = PBXBuildFile; productRef = 8E7173BF2AA1F8F300223341 /* Defaults */; };
		8E7173C22AA1F9FA00223341 /* Constants.swift in Sources */ = {isa = PBXBuildFile; fileRef = 8E7173C12AA1F9FA00223341 /* Constants.swift */; };
		8E7173C32AA1F9FA00223341 /* Constants.swift in Sources */ = {isa = PBXBuildFile; fileRef = 8E7173C12AA1F9FA00223341 /* Constants.swift */; };
		8E7173C52AA1FA6F00223341 /* Defaults+Keys.swift in Sources */ = {isa = PBXBuildFile; fileRef = 8E7173C42AA1FA6F00223341 /* Defaults+Keys.swift */; };
		8E7173C62AA1FA6F00223341 /* Defaults+Keys.swift in Sources */ = {isa = PBXBuildFile; fileRef = 8E7173C42AA1FA6F00223341 /* Defaults+Keys.swift */; };
		8E7173CA2AA20CCD00223341 /* SpeechRecognizer.swift in Sources */ = {isa = PBXBuildFile; fileRef = 8E7173C92AA20CCD00223341 /* SpeechRecognizer.swift */; };
		8EDF85252AA1BEFD00334D6E /* MyCreativeCameraApp.swift in Sources */ = {isa = PBXBuildFile; fileRef = 8EDF85242AA1BEFD00334D6E /* MyCreativeCameraApp.swift */; };
		8EDF85272AA1BEFD00334D6E /* ContentView.swift in Sources */ = {isa = PBXBuildFile; fileRef = 8EDF85262AA1BEFD00334D6E /* ContentView.swift */; };
		8EDF85292AA1BEFF00334D6E /* Assets.xcassets in Resources */ = {isa = PBXBuildFile; fileRef = 8EDF85282AA1BEFF00334D6E /* Assets.xcassets */; };
		8EDF852C2AA1BEFF00334D6E /* Preview Assets.xcassets in Resources */ = {isa = PBXBuildFile; fileRef = 8EDF852B2AA1BEFF00334D6E /* Preview Assets.xcassets */; };
		8EDF855F2AA1C7EE00334D6E /* ExtensionProvider.swift in Sources */ = {isa = PBXBuildFile; fileRef = 8EDF855E2AA1C7EE00334D6E /* ExtensionProvider.swift */; };
		8EDF85612AA1C7EE00334D6E /* main.swift in Sources */ = {isa = PBXBuildFile; fileRef = 8EDF85602AA1C7EE00334D6E /* main.swift */; };
		8EDF85662AA1C7EE00334D6E /* tokyo.shmdevelopment.MyCreativeCamera.Extension.systemextension in Embed System Extensions */ = {isa = PBXBuildFile; fileRef = 8EDF855C2AA1C7EE00334D6E /* tokyo.shmdevelopment.MyCreativeCamera.Extension.systemextension */; settings = {ATTRIBUTES = (RemoveHeadersOnCopy, ); }; };
		8EDF856B2AA1EA8300334D6E /* Utility.swift in Sources */ = {isa = PBXBuildFile; fileRef = 8EDF856A2AA1EA8300334D6E /* Utility.swift */; };
		8EDF856C2AA1EA8300334D6E /* Utility.swift in Sources */ = {isa = PBXBuildFile; fileRef = 8EDF856A2AA1EA8300334D6E /* Utility.swift */; };
/* End PBXBuildFile section */

/* Begin PBXContainerItemProxy section */
		8EDF85642AA1C7EE00334D6E /* PBXContainerItemProxy */ = {
			isa = PBXContainerItemProxy;
			containerPortal = 8EDF85192AA1BEFD00334D6E /* Project object */;
			proxyType = 1;
			remoteGlobalIDString = 8EDF855B2AA1C7EE00334D6E;
			remoteInfo = Extension;
		};
/* End PBXContainerItemProxy section */

/* Begin PBXCopyFilesBuildPhase section */
		8EDF85422AA1C74000334D6E /* Embed System Extensions */ = {
			isa = PBXCopyFilesBuildPhase;
			buildActionMask = 2147483647;
			dstPath = "$(SYSTEM_EXTENSIONS_FOLDER_PATH)";
			dstSubfolderSpec = 16;
			files = (
				8EDF85662AA1C7EE00334D6E /* tokyo.shmdevelopment.MyCreativeCamera.Extension.systemextension in Embed System Extensions */,
			);
			name = "Embed System Extensions";
			runOnlyForDeploymentPostprocessing = 0;
		};
/* End PBXCopyFilesBuildPhase section */

/* Begin PBXFileReference section */
		8E7173C12AA1F9FA00223341 /* Constants.swift */ = {isa = PBXFileReference; lastKnownFileType = sourcecode.swift; path = Constants.swift; sourceTree = "<group>"; };
		8E7173C42AA1FA6F00223341 /* Defaults+Keys.swift */ = {isa = PBXFileReference; lastKnownFileType = sourcecode.swift; path = "Defaults+Keys.swift"; sourceTree = "<group>"; };
		8E7173C92AA20CCD00223341 /* SpeechRecognizer.swift */ = {isa = PBXFileReference; lastKnownFileType = sourcecode.swift; path = SpeechRecognizer.swift; sourceTree = "<group>"; };
		8EDF85212AA1BEFD00334D6E /* MyCreativeCamera.app */ = {isa = PBXFileReference; explicitFileType = wrapper.application; includeInIndex = 0; path = MyCreativeCamera.app; sourceTree = BUILT_PRODUCTS_DIR; };
		8EDF85242AA1BEFD00334D6E /* MyCreativeCameraApp.swift */ = {isa = PBXFileReference; lastKnownFileType = sourcecode.swift; path = MyCreativeCameraApp.swift; sourceTree = "<group>"; };
		8EDF85262AA1BEFD00334D6E /* ContentView.swift */ = {isa = PBXFileReference; lastKnownFileType = sourcecode.swift; path = ContentView.swift; sourceTree = "<group>"; };
		8EDF85282AA1BEFF00334D6E /* Assets.xcassets */ = {isa = PBXFileReference; lastKnownFileType = folder.assetcatalog; path = Assets.xcassets; sourceTree = "<group>"; };
		8EDF852B2AA1BEFF00334D6E /* Preview Assets.xcassets */ = {isa = PBXFileReference; lastKnownFileType = folder.assetcatalog; path = "Preview Assets.xcassets"; sourceTree = "<group>"; };
		8EDF852D2AA1BEFF00334D6E /* MyCreativeCamera.entitlements */ = {isa = PBXFileReference; lastKnownFileType = text.plist.entitlements; path = MyCreativeCamera.entitlements; sourceTree = "<group>"; };
		8EDF855C2AA1C7EE00334D6E /* tokyo.shmdevelopment.MyCreativeCamera.Extension.systemextension */ = {isa = PBXFileReference; explicitFileType = "wrapper.system-extension"; includeInIndex = 0; path = tokyo.shmdevelopment.MyCreativeCamera.Extension.systemextension; sourceTree = BUILT_PRODUCTS_DIR; };
		8EDF855E2AA1C7EE00334D6E /* ExtensionProvider.swift */ = {isa = PBXFileReference; lastKnownFileType = sourcecode.swift; path = ExtensionProvider.swift; sourceTree = "<group>"; };
		8EDF85602AA1C7EE00334D6E /* main.swift */ = {isa = PBXFileReference; lastKnownFileType = sourcecode.swift; path = main.swift; sourceTree = "<group>"; };
		8EDF85622AA1C7EE00334D6E /* Info.plist */ = {isa = PBXFileReference; lastKnownFileType = text.plist.xml; path = Info.plist; sourceTree = "<group>"; };
		8EDF85632AA1C7EE00334D6E /* Extension.entitlements */ = {isa = PBXFileReference; lastKnownFileType = text.plist.entitlements; path = Extension.entitlements; sourceTree = "<group>"; };
		8EDF856A2AA1EA8300334D6E /* Utility.swift */ = {isa = PBXFileReference; lastKnownFileType = sourcecode.swift; path = Utility.swift; sourceTree = "<group>"; };
/* End PBXFileReference section */

/* Begin PBXFrameworksBuildPhase section */
		8EDF851E2AA1BEFD00334D6E /* Frameworks */ = {
			isa = PBXFrameworksBuildPhase;
			buildActionMask = 2147483647;
			files = (
				8E7173BD2AA1F8D300223341 /* Defaults in Frameworks */,
			);
			runOnlyForDeploymentPostprocessing = 0;
		};
		8EDF85592AA1C7EE00334D6E /* Frameworks */ = {
			isa = PBXFrameworksBuildPhase;
			buildActionMask = 2147483647;
			files = (
				8E7173C02AA1F8F300223341 /* Defaults in Frameworks */,
			);
			runOnlyForDeploymentPostprocessing = 0;
		};
/* End PBXFrameworksBuildPhase section */

/* Begin PBXGroup section */
		8E7173BE2AA1F8F300223341 /* Frameworks */ = {
			isa = PBXGroup;
			children = (
			);
			name = Frameworks;
			sourceTree = "<group>";
		};
		8EDF85182AA1BEFD00334D6E = {
			isa = PBXGroup;
			children = (
				8E7173C12AA1F9FA00223341 /* Constants.swift */,
				8E7173C42AA1FA6F00223341 /* Defaults+Keys.swift */,
				8EDF856A2AA1EA8300334D6E /* Utility.swift */,
				8EDF85232AA1BEFD00334D6E /* MyCreativeCamera */,
				8EDF855D2AA1C7EE00334D6E /* Extension */,
				8EDF85222AA1BEFD00334D6E /* Products */,
				8E7173BE2AA1F8F300223341 /* Frameworks */,
			);
			sourceTree = "<group>";
		};
		8EDF85222AA1BEFD00334D6E /* Products */ = {
			isa = PBXGroup;
			children = (
				8EDF85212AA1BEFD00334D6E /* MyCreativeCamera.app */,
				8EDF855C2AA1C7EE00334D6E /* tokyo.shmdevelopment.MyCreativeCamera.Extension.systemextension */,
			);
			name = Products;
			sourceTree = "<group>";
		};
		8EDF85232AA1BEFD00334D6E /* MyCreativeCamera */ = {
			isa = PBXGroup;
			children = (
				8EDF85242AA1BEFD00334D6E /* MyCreativeCameraApp.swift */,
				8EDF85262AA1BEFD00334D6E /* ContentView.swift */,
				8E7173C92AA20CCD00223341 /* SpeechRecognizer.swift */,
				8EDF85282AA1BEFF00334D6E /* Assets.xcassets */,
				8EDF852D2AA1BEFF00334D6E /* MyCreativeCamera.entitlements */,
				8EDF852A2AA1BEFF00334D6E /* Preview Content */,
			);
			path = MyCreativeCamera;
			sourceTree = "<group>";
		};
		8EDF852A2AA1BEFF00334D6E /* Preview Content */ = {
			isa = PBXGroup;
			children = (
				8EDF852B2AA1BEFF00334D6E /* Preview Assets.xcassets */,
			);
			path = "Preview Content";
			sourceTree = "<group>";
		};
		8EDF855D2AA1C7EE00334D6E /* Extension */ = {
			isa = PBXGroup;
			children = (
				8EDF855E2AA1C7EE00334D6E /* ExtensionProvider.swift */,
				8EDF85602AA1C7EE00334D6E /* main.swift */,
				8EDF85622AA1C7EE00334D6E /* Info.plist */,
				8EDF85632AA1C7EE00334D6E /* Extension.entitlements */,
			);
			path = Extension;
			sourceTree = "<group>";
		};
/* End PBXGroup section */

/* Begin PBXNativeTarget section */
		8EDF85202AA1BEFD00334D6E /* MyCreativeCamera */ = {
			isa = PBXNativeTarget;
			buildConfigurationList = 8EDF85302AA1BEFF00334D6E /* Build configuration list for PBXNativeTarget "MyCreativeCamera" */;
			buildPhases = (
				8EDF851D2AA1BEFD00334D6E /* Sources */,
				8EDF851E2AA1BEFD00334D6E /* Frameworks */,
				8EDF851F2AA1BEFD00334D6E /* Resources */,
				8EDF85422AA1C74000334D6E /* Embed System Extensions */,
			);
			buildRules = (
			);
			dependencies = (
				8EDF85652AA1C7EE00334D6E /* PBXTargetDependency */,
			);
			name = MyCreativeCamera;
			packageProductDependencies = (
				8E7173BC2AA1F8D300223341 /* Defaults */,
			);
			productName = MyCreativeCamera;
			productReference = 8EDF85212AA1BEFD00334D6E /* MyCreativeCamera.app */;
			productType = "com.apple.product-type.application";
		};
		8EDF855B2AA1C7EE00334D6E /* Extension */ = {
			isa = PBXNativeTarget;
			buildConfigurationList = 8EDF85672AA1C7EE00334D6E /* Build configuration list for PBXNativeTarget "Extension" */;
			buildPhases = (
				8EDF85582AA1C7EE00334D6E /* Sources */,
				8EDF85592AA1C7EE00334D6E /* Frameworks */,
				8EDF855A2AA1C7EE00334D6E /* Resources */,
			);
			buildRules = (
			);
			dependencies = (
			);
			name = Extension;
			packageProductDependencies = (
				8E7173BF2AA1F8F300223341 /* Defaults */,
			);
			productName = Extension;
			productReference = 8EDF855C2AA1C7EE00334D6E /* tokyo.shmdevelopment.MyCreativeCamera.Extension.systemextension */;
			productType = "com.apple.product-type.system-extension";
		};
/* End PBXNativeTarget section */

/* Begin PBXProject section */
		8EDF85192AA1BEFD00334D6E /* Project object */ = {
			isa = PBXProject;
			attributes = {
				BuildIndependentTargetsInParallel = 1;
				LastSwiftUpdateCheck = 1500;
				LastUpgradeCheck = 1500;
				TargetAttributes = {
					8EDF85202AA1BEFD00334D6E = {
						CreatedOnToolsVersion = 15.0;
					};
					8EDF855B2AA1C7EE00334D6E = {
						CreatedOnToolsVersion = 15.0;
					};
				};
			};
			buildConfigurationList = 8EDF851C2AA1BEFD00334D6E /* Build configuration list for PBXProject "MyCreativeCamera" */;
			compatibilityVersion = "Xcode 14.0";
			developmentRegion = en;
			hasScannedForEncodings = 0;
			knownRegions = (
				en,
				Base,
			);
			mainGroup = 8EDF85182AA1BEFD00334D6E;
			packageReferences = (
				8E7173BB2AA1F8D300223341 /* XCRemoteSwiftPackageReference "Defaults" */,
			);
			productRefGroup = 8EDF85222AA1BEFD00334D6E /* Products */;
			projectDirPath = "";
			projectRoot = "";
			targets = (
				8EDF85202AA1BEFD00334D6E /* MyCreativeCamera */,
				8EDF855B2AA1C7EE00334D6E /* Extension */,
			);
		};
/* End PBXProject section */

/* Begin PBXResourcesBuildPhase section */
		8EDF851F2AA1BEFD00334D6E /* Resources */ = {
			isa = PBXResourcesBuildPhase;
			buildActionMask = 2147483647;
			files = (
				8EDF852C2AA1BEFF00334D6E /* Preview Assets.xcassets in Resources */,
				8EDF85292AA1BEFF00334D6E /* Assets.xcassets in Resources */,
			);
			runOnlyForDeploymentPostprocessing = 0;
		};
		8EDF855A2AA1C7EE00334D6E /* Resources */ = {
			isa = PBXResourcesBuildPhase;
			buildActionMask = 2147483647;
			files = (
			);
			runOnlyForDeploymentPostprocessing = 0;
		};
/* End PBXResourcesBuildPhase section */

/* Begin PBXSourcesBuildPhase section */
		8EDF851D2AA1BEFD00334D6E /* Sources */ = {
			isa = PBXSourcesBuildPhase;
			buildActionMask = 2147483647;
			files = (
				8EDF85272AA1BEFD00334D6E /* ContentView.swift in Sources */,
				8E7173C52AA1FA6F00223341 /* Defaults+Keys.swift in Sources */,
				8EDF85252AA1BEFD00334D6E /* MyCreativeCameraApp.swift in Sources */,
				8EDF856B2AA1EA8300334D6E /* Utility.swift in Sources */,
				8E7173C22AA1F9FA00223341 /* Constants.swift in Sources */,
				8E7173CA2AA20CCD00223341 /* SpeechRecognizer.swift in Sources */,
			);
			runOnlyForDeploymentPostprocessing = 0;
		};
		8EDF85582AA1C7EE00334D6E /* Sources */ = {
			isa = PBXSourcesBuildPhase;
			buildActionMask = 2147483647;
			files = (
				8EDF85612AA1C7EE00334D6E /* main.swift in Sources */,
				8E7173C62AA1FA6F00223341 /* Defaults+Keys.swift in Sources */,
				8EDF855F2AA1C7EE00334D6E /* ExtensionProvider.swift in Sources */,
				8EDF856C2AA1EA8300334D6E /* Utility.swift in Sources */,
				8E7173C32AA1F9FA00223341 /* Constants.swift in Sources */,
			);
			runOnlyForDeploymentPostprocessing = 0;
		};
/* End PBXSourcesBuildPhase section */

/* Begin PBXTargetDependency section */
		8EDF85652AA1C7EE00334D6E /* PBXTargetDependency */ = {
			isa = PBXTargetDependency;
			target = 8EDF855B2AA1C7EE00334D6E /* Extension */;
			targetProxy = 8EDF85642AA1C7EE00334D6E /* PBXContainerItemProxy */;
		};
/* End PBXTargetDependency section */

/* Begin XCBuildConfiguration section */
		8EDF852E2AA1BEFF00334D6E /* Debug */ = {
			isa = XCBuildConfiguration;
			buildSettings = {
				ALWAYS_SEARCH_USER_PATHS = NO;
				ASSETCATALOG_COMPILER_GENERATE_SWIFT_ASSET_SYMBOL_EXTENSIONS = YES;
				CLANG_ANALYZER_NONNULL = YES;
				CLANG_ANALYZER_NUMBER_OBJECT_CONVERSION = YES_AGGRESSIVE;
				CLANG_CXX_LANGUAGE_STANDARD = "gnu++20";
				CLANG_ENABLE_MODULES = YES;
				CLANG_ENABLE_OBJC_ARC = YES;
				CLANG_ENABLE_OBJC_WEAK = YES;
				CLANG_WARN_BLOCK_CAPTURE_AUTORELEASING = YES;
				CLANG_WARN_BOOL_CONVERSION = YES;
				CLANG_WARN_COMMA = YES;
				CLANG_WARN_CONSTANT_CONVERSION = YES;
				CLANG_WARN_DEPRECATED_OBJC_IMPLEMENTATIONS = YES;
				CLANG_WARN_DIRECT_OBJC_ISA_USAGE = YES_ERROR;
				CLANG_WARN_DOCUMENTATION_COMMENTS = YES;
				CLANG_WARN_EMPTY_BODY = YES;
				CLANG_WARN_ENUM_CONVERSION = YES;
				CLANG_WARN_INFINITE_RECURSION = YES;
				CLANG_WARN_INT_CONVERSION = YES;
				CLANG_WARN_NON_LITERAL_NULL_CONVERSION = YES;
				CLANG_WARN_OBJC_IMPLICIT_RETAIN_SELF = YES;
				CLANG_WARN_OBJC_LITERAL_CONVERSION = YES;
				CLANG_WARN_OBJC_ROOT_CLASS = YES_ERROR;
				CLANG_WARN_QUOTED_INCLUDE_IN_FRAMEWORK_HEADER = YES;
				CLANG_WARN_RANGE_LOOP_ANALYSIS = YES;
				CLANG_WARN_STRICT_PROTOTYPES = YES;
				CLANG_WARN_SUSPICIOUS_MOVE = YES;
				CLANG_WARN_UNGUARDED_AVAILABILITY = YES_AGGRESSIVE;
				CLANG_WARN_UNREACHABLE_CODE = YES;
				CLANG_WARN__DUPLICATE_METHOD_MATCH = YES;
				COPY_PHASE_STRIP = NO;
				DEBUG_INFORMATION_FORMAT = dwarf;
				ENABLE_STRICT_OBJC_MSGSEND = YES;
				ENABLE_TESTABILITY = YES;
				ENABLE_USER_SCRIPT_SANDBOXING = YES;
				GCC_C_LANGUAGE_STANDARD = gnu17;
				GCC_DYNAMIC_NO_PIC = NO;
				GCC_NO_COMMON_BLOCKS = YES;
				GCC_OPTIMIZATION_LEVEL = 0;
				GCC_PREPROCESSOR_DEFINITIONS = (
					"DEBUG=1",
					"$(inherited)",
				);
				GCC_WARN_64_TO_32_BIT_CONVERSION = YES;
				GCC_WARN_ABOUT_RETURN_TYPE = YES_ERROR;
				GCC_WARN_UNDECLARED_SELECTOR = YES;
				GCC_WARN_UNINITIALIZED_AUTOS = YES_AGGRESSIVE;
				GCC_WARN_UNUSED_FUNCTION = YES;
				GCC_WARN_UNUSED_VARIABLE = YES;
				LOCALIZATION_PREFERS_STRING_CATALOGS = YES;
				MACOSX_DEPLOYMENT_TARGET = 13.4;
				MTL_ENABLE_DEBUG_INFO = INCLUDE_SOURCE;
				MTL_FAST_MATH = YES;
				ONLY_ACTIVE_ARCH = YES;
				SDKROOT = macosx;
				SWIFT_ACTIVE_COMPILATION_CONDITIONS = "DEBUG $(inherited)";
				SWIFT_OPTIMIZATION_LEVEL = "-Onone";
			};
			name = Debug;
		};
		8EDF852F2AA1BEFF00334D6E /* Release */ = {
			isa = XCBuildConfiguration;
			buildSettings = {
				ALWAYS_SEARCH_USER_PATHS = NO;
				ASSETCATALOG_COMPILER_GENERATE_SWIFT_ASSET_SYMBOL_EXTENSIONS = YES;
				CLANG_ANALYZER_NONNULL = YES;
				CLANG_ANALYZER_NUMBER_OBJECT_CONVERSION = YES_AGGRESSIVE;
				CLANG_CXX_LANGUAGE_STANDARD = "gnu++20";
				CLANG_ENABLE_MODULES = YES;
				CLANG_ENABLE_OBJC_ARC = YES;
				CLANG_ENABLE_OBJC_WEAK = YES;
				CLANG_WARN_BLOCK_CAPTURE_AUTORELEASING = YES;
				CLANG_WARN_BOOL_CONVERSION = YES;
				CLANG_WARN_COMMA = YES;
				CLANG_WARN_CONSTANT_CONVERSION = YES;
				CLANG_WARN_DEPRECATED_OBJC_IMPLEMENTATIONS = YES;
				CLANG_WARN_DIRECT_OBJC_ISA_USAGE = YES_ERROR;
				CLANG_WARN_DOCUMENTATION_COMMENTS = YES;
				CLANG_WARN_EMPTY_BODY = YES;
				CLANG_WARN_ENUM_CONVERSION = YES;
				CLANG_WARN_INFINITE_RECURSION = YES;
				CLANG_WARN_INT_CONVERSION = YES;
				CLANG_WARN_NON_LITERAL_NULL_CONVERSION = YES;
				CLANG_WARN_OBJC_IMPLICIT_RETAIN_SELF = YES;
				CLANG_WARN_OBJC_LITERAL_CONVERSION = YES;
				CLANG_WARN_OBJC_ROOT_CLASS = YES_ERROR;
				CLANG_WARN_QUOTED_INCLUDE_IN_FRAMEWORK_HEADER = YES;
				CLANG_WARN_RANGE_LOOP_ANALYSIS = YES;
				CLANG_WARN_STRICT_PROTOTYPES = YES;
				CLANG_WARN_SUSPICIOUS_MOVE = YES;
				CLANG_WARN_UNGUARDED_AVAILABILITY = YES_AGGRESSIVE;
				CLANG_WARN_UNREACHABLE_CODE = YES;
				CLANG_WARN__DUPLICATE_METHOD_MATCH = YES;
				COPY_PHASE_STRIP = NO;
				DEBUG_INFORMATION_FORMAT = "dwarf-with-dsym";
				ENABLE_NS_ASSERTIONS = NO;
				ENABLE_STRICT_OBJC_MSGSEND = YES;
				ENABLE_USER_SCRIPT_SANDBOXING = YES;
				GCC_C_LANGUAGE_STANDARD = gnu17;
				GCC_NO_COMMON_BLOCKS = YES;
				GCC_WARN_64_TO_32_BIT_CONVERSION = YES;
				GCC_WARN_ABOUT_RETURN_TYPE = YES_ERROR;
				GCC_WARN_UNDECLARED_SELECTOR = YES;
				GCC_WARN_UNINITIALIZED_AUTOS = YES_AGGRESSIVE;
				GCC_WARN_UNUSED_FUNCTION = YES;
				GCC_WARN_UNUSED_VARIABLE = YES;
				LOCALIZATION_PREFERS_STRING_CATALOGS = YES;
				MACOSX_DEPLOYMENT_TARGET = 13.4;
				MTL_ENABLE_DEBUG_INFO = NO;
				MTL_FAST_MATH = YES;
				SDKROOT = macosx;
				SWIFT_COMPILATION_MODE = wholemodule;
			};
			name = Release;
		};
		8EDF85312AA1BEFF00334D6E /* Debug */ = {
			isa = XCBuildConfiguration;
			buildSettings = {
				ALWAYS_EMBED_SWIFT_STANDARD_LIBRARIES = YES;
				ASSETCATALOG_COMPILER_APPICON_NAME = AppIcon;
				ASSETCATALOG_COMPILER_GLOBAL_ACCENT_COLOR_NAME = AccentColor;
				CODE_SIGN_ENTITLEMENTS = MyCreativeCamera/MyCreativeCamera.entitlements;
				CODE_SIGN_STYLE = Automatic;
				COMBINE_HIDPI_IMAGES = YES;
				CURRENT_PROJECT_VERSION = 1;
				DEVELOPMENT_ASSET_PATHS = "\"MyCreativeCamera/Preview Content\"";
				DEVELOPMENT_TEAM = 247V527KAQ;
				ENABLE_HARDENED_RUNTIME = YES;
				ENABLE_PREVIEWS = YES;
				GENERATE_INFOPLIST_FILE = YES;
				INFOPLIST_KEY_NSHumanReadableCopyright = "";
				INFOPLIST_KEY_NSMicrophoneUsageDescription = "";
				INFOPLIST_KEY_NSSpeechRecognitionUsageDescription = "";
				LD_RUNPATH_SEARCH_PATHS = (
					"$(inherited)",
					"@executable_path/../Frameworks",
				);
				MACOSX_DEPLOYMENT_TARGET = 13.0;
				MARKETING_VERSION = 1.0;
				PRODUCT_BUNDLE_IDENTIFIER = tokyo.shmdevelopment.MyCreativeCamera;
				PRODUCT_NAME = "$(TARGET_NAME)";
				SWIFT_EMIT_LOC_STRINGS = YES;
				SWIFT_VERSION = 5.0;
			};
			name = Debug;
		};
		8EDF85322AA1BEFF00334D6E /* Release */ = {
			isa = XCBuildConfiguration;
			buildSettings = {
				ALWAYS_EMBED_SWIFT_STANDARD_LIBRARIES = YES;
				ASSETCATALOG_COMPILER_APPICON_NAME = AppIcon;
				ASSETCATALOG_COMPILER_GLOBAL_ACCENT_COLOR_NAME = AccentColor;
				CODE_SIGN_ENTITLEMENTS = MyCreativeCamera/MyCreativeCamera.entitlements;
				CODE_SIGN_STYLE = Automatic;
				COMBINE_HIDPI_IMAGES = YES;
				CURRENT_PROJECT_VERSION = 1;
				DEVELOPMENT_ASSET_PATHS = "\"MyCreativeCamera/Preview Content\"";
				DEVELOPMENT_TEAM = 247V527KAQ;
				ENABLE_HARDENED_RUNTIME = YES;
				ENABLE_PREVIEWS = YES;
				GENERATE_INFOPLIST_FILE = YES;
				INFOPLIST_KEY_NSHumanReadableCopyright = "";
				INFOPLIST_KEY_NSMicrophoneUsageDescription = "";
				INFOPLIST_KEY_NSSpeechRecognitionUsageDescription = "";
				LD_RUNPATH_SEARCH_PATHS = (
					"$(inherited)",
					"@executable_path/../Frameworks",
				);
				MACOSX_DEPLOYMENT_TARGET = 13.0;
				MARKETING_VERSION = 1.0;
				PRODUCT_BUNDLE_IDENTIFIER = tokyo.shmdevelopment.MyCreativeCamera;
				PRODUCT_NAME = "$(TARGET_NAME)";
				SWIFT_EMIT_LOC_STRINGS = YES;
				SWIFT_VERSION = 5.0;
			};
			name = Release;
		};
		8EDF85682AA1C7EE00334D6E /* Debug */ = {
			isa = XCBuildConfiguration;
			buildSettings = {
				CODE_SIGN_ENTITLEMENTS = Extension/Extension.entitlements;
				CODE_SIGN_STYLE = Automatic;
				CURRENT_PROJECT_VERSION = 1;
				DEVELOPMENT_TEAM = 247V527KAQ;
				ENABLE_HARDENED_RUNTIME = YES;
				GENERATE_INFOPLIST_FILE = YES;
				INFOPLIST_FILE = Extension/Info.plist;
				INFOPLIST_KEY_CFBundleDisplayName = Extension;
				INFOPLIST_KEY_NSCameraUsageDescription = "";
				INFOPLIST_KEY_NSHumanReadableCopyright = "";
				INFOPLIST_KEY_NSSystemExtensionUsageDescription = "";
				LD_RUNPATH_SEARCH_PATHS = (
					"$(inherited)",
					"@executable_path/../Frameworks",
					"@executable_path/../../../../Frameworks",
				);
				MARKETING_VERSION = 1.0;
				PRODUCT_BUNDLE_IDENTIFIER = tokyo.shmdevelopment.MyCreativeCamera.Extension;
				PRODUCT_NAME = "$(inherited)";
				SKIP_INSTALL = YES;
				SWIFT_EMIT_LOC_STRINGS = YES;
				SWIFT_VERSION = 5.0;
			};
			name = Debug;
		};
		8EDF85692AA1C7EE00334D6E /* Release */ = {
			isa = XCBuildConfiguration;
			buildSettings = {
				CODE_SIGN_ENTITLEMENTS = Extension/Extension.entitlements;
				CODE_SIGN_STYLE = Automatic;
				CURRENT_PROJECT_VERSION = 1;
				DEVELOPMENT_TEAM = 247V527KAQ;
				ENABLE_HARDENED_RUNTIME = YES;
				GENERATE_INFOPLIST_FILE = YES;
				INFOPLIST_FILE = Extension/Info.plist;
				INFOPLIST_KEY_CFBundleDisplayName = Extension;
				INFOPLIST_KEY_NSCameraUsageDescription = "";
				INFOPLIST_KEY_NSHumanReadableCopyright = "";
				INFOPLIST_KEY_NSSystemExtensionUsageDescription = "";
				LD_RUNPATH_SEARCH_PATHS = (
					"$(inherited)",
					"@executable_path/../Frameworks",
					"@executable_path/../../../../Frameworks",
				);
				MARKETING_VERSION = 1.0;
				PRODUCT_BUNDLE_IDENTIFIER = tokyo.shmdevelopment.MyCreativeCamera.Extension;
				PRODUCT_NAME = "$(inherited)";
				SKIP_INSTALL = YES;
				SWIFT_EMIT_LOC_STRINGS = YES;
				SWIFT_VERSION = 5.0;
			};
			name = Release;
		};
/* End XCBuildConfiguration section */

/* Begin XCConfigurationList section */
		8EDF851C2AA1BEFD00334D6E /* Build configuration list for PBXProject "MyCreativeCamera" */ = {
			isa = XCConfigurationList;
			buildConfigurations = (
				8EDF852E2AA1BEFF00334D6E /* Debug */,
				8EDF852F2AA1BEFF00334D6E /* Release */,
			);
			defaultConfigurationIsVisible = 0;
			defaultConfigurationName = Release;
		};
		8EDF85302AA1BEFF00334D6E /* Build configuration list for PBXNativeTarget "MyCreativeCamera" */ = {
			isa = XCConfigurationList;
			buildConfigurations = (
				8EDF85312AA1BEFF00334D6E /* Debug */,
				8EDF85322AA1BEFF00334D6E /* Release */,
			);
			defaultConfigurationIsVisible = 0;
			defaultConfigurationName = Release;
		};
		8EDF85672AA1C7EE00334D6E /* Build configuration list for PBXNativeTarget "Extension" */ = {
			isa = XCConfigurationList;
			buildConfigurations = (
				8EDF85682AA1C7EE00334D6E /* Debug */,
				8EDF85692AA1C7EE00334D6E /* Release */,
			);
			defaultConfigurationIsVisible = 0;
			defaultConfigurationName = Release;
		};
/* End XCConfigurationList section */

/* Begin XCRemoteSwiftPackageReference section */
		8E7173BB2AA1F8D300223341 /* XCRemoteSwiftPackageReference "Defaults" */ = {
			isa = XCRemoteSwiftPackageReference;
			repositoryURL = "https://github.com/sindresorhus/Defaults";
			requirement = {
				branch = main;
				kind = branch;
			};
		};
/* End XCRemoteSwiftPackageReference section */

/* Begin XCSwiftPackageProductDependency section */
		8E7173BC2AA1F8D300223341 /* Defaults */ = {
			isa = XCSwiftPackageProductDependency;
			package = 8E7173BB2AA1F8D300223341 /* XCRemoteSwiftPackageReference "Defaults" */;
			productName = Defaults;
		};
		8E7173BF2AA1F8F300223341 /* Defaults */ = {
			isa = XCSwiftPackageProductDependency;
			package = 8E7173BB2AA1F8D300223341 /* XCRemoteSwiftPackageReference "Defaults" */;
			productName = Defaults;
		};
/* End XCSwiftPackageProductDependency section */
	};
	rootObject = 8EDF85192AA1BEFD00334D6E /* Project object */;
}
